
Microsoft Visual Studio Solution File, Format Version 12.00
# Visual Studio Version 16
VisualStudioVersion = 16.0.31515.178
MinimumVisualStudioVersion = 10.0.40219.1
Project("{FAE04EC0-301F-11D3-BF4B-00C04F79EFBC}") = "api-gateway", "api-gateway.csproj", "{217668EB-FD1B-4A71-B953-476EC77E63AE}"
EndProject
Global
	GlobalSection(SolutionConfigurationPlatforms) = preSolution
		Debug|Any CPU = Debug|Any CPU
		Release|Any CPU = Release|Any CPU
	EndGlobalSection
	GlobalSection(ProjectConfigurationPlatforms) = postSolution
		{217668EB-FD1B-4A71-B953-476EC77E63AE}.Debug|Any CPU.ActiveCfg = Debug|Any CPU
		{217668EB-FD1B-4A71-B953-476EC77E63AE}.Debug|Any CPU.Build.0 = Debug|Any CPU
		{217668EB-FD1B-4A71-B953-476EC77E63AE}.Release|Any CPU.ActiveCfg = Release|Any CPU
		{217668EB-FD1B-4A71-B953-476EC77E63AE}.Release|Any CPU.Build.0 = Release|Any CPU
	EndGlobalSection
	GlobalSection(SolutionProperties) = preSolution
		HideSolutionNode = FALSE
	EndGlobalSection
	GlobalSection(ExtensibilityGlobals) = postSolution
		SolutionGuid = {13BE90E8-6F3D-4E3C-BC8B-F21AF97606CE}
	EndGlobalSection
EndGlobal
